
Microsoft Visual Studio Solution File, Format Version 12.00
# Visual Studio Version 17
VisualStudioVersion = 17.0.31912.275
MinimumVisualStudioVersion = 10.0.40219.1
Project("{8BC9CEB8-8B4A-11D0-8D11-00A0C91BC942}") = "WEEK6", "WEEK6.vcxproj", "{09AD07E7-C534-4A0C-905E-2972FA57D757}"
EndProject
Global
	GlobalSection(SolutionConfigurationPlatforms) = preSolution
		Debug|x64 = Debug|x64
		Debug|x86 = Debug|x86
		Release|x64 = Release|x64
		Release|x86 = Release|x86
	EndGlobalSection
	GlobalSection(ProjectConfigurationPlatforms) = postSolution
		{09AD07E7-C534-4A0C-905E-2972FA57D757}.Debug|x64.ActiveCfg = Debug|x64
		{09AD07E7-C534-4A0C-905E-2972FA57D757}.Debug|x64.Build.0 = Debug|x64
		{09AD07E7-C534-4A0C-905E-2972FA57D757}.Debug|x86.ActiveCfg = Debug|Win32
		{09AD07E7-C534-4A0C-905E-2972FA57D757}.Debug|x86.Build.0 = Debug|Win32
		{09AD07E7-C534-4A0C-905E-2972FA57D757}.Release|x64.ActiveCfg = Release|x64
		{09AD07E7-C534-4A0C-905E-2972FA57D757}.Release|x64.Build.0 = Release|x64
		{09AD07E7-C534-4A0C-905E-2972FA57D757}.Release|x86.ActiveCfg = Release|Win32
		{09AD07E7-C534-4A0C-905E-2972FA57D757}.Release|x86.Build.0 = Release|Win32
	EndGlobalSection
	GlobalSection(SolutionProperties) = preSolution
		HideSolutionNode = FALSE
	EndGlobalSection
	GlobalSection(ExtensibilityGlobals) = postSolution
		SolutionGuid = {0B254F1C-B6BA-4D60-BB37-9669987915F8}
	EndGlobalSection
EndGlobal
